
Microsoft Visual Studio Solution File, Format Version 12.00
# Visual Studio Version 17
VisualStudioVersion = 17.5.33502.453
MinimumVisualStudioVersion = 10.0.40219.1
Project("{8BC9CEB8-8B4A-11D0-8D11-00A0C91BC942}") = "Project1", "Project1\Project1.vcxproj", "{AC77C414-5C18-42F6-BF72-6BFBB611289B}"
EndProject
Global
	GlobalSection(SolutionConfigurationPlatforms) = preSolution
		Debug|x64 = Debug|x64
		Debug|x86 = Debug|x86
		Release|x64 = Release|x64
		Release|x86 = Release|x86
	EndGlobalSection
	GlobalSection(ProjectConfigurationPlatforms) = postSolution
		{AC77C414-5C18-42F6-BF72-6BFBB611289B}.Debug|x64.ActiveCfg = Debug|x64
		{AC77C414-5C18-42F6-BF72-6BFBB611289B}.Debug|x64.Build.0 = Debug|x64
		{AC77C414-5C18-42F6-BF72-6BFBB611289B}.Debug|x86.ActiveCfg = Debug|Win32
		{AC77C414-5C18-42F6-BF72-6BFBB611289B}.Debug|x86.Build.0 = Debug|Win32
		{AC77C414-5C18-42F6-BF72-6BFBB611289B}.Release|x64.ActiveCfg = Release|x64
		{AC77C414-5C18-42F6-BF72-6BFBB611289B}.Release|x64.Build.0 = Release|x64
		{AC77C414-5C18-42F6-BF72-6BFBB611289B}.Release|x86.ActiveCfg = Release|Win32
		{AC77C414-5C18-42F6-BF72-6BFBB611289B}.Release|x86.Build.0 = Release|Win32
	EndGlobalSection
	GlobalSection(SolutionProperties) = preSolution
		HideSolutionNode = FALSE
	EndGlobalSection
	GlobalSection(ExtensibilityGlobals) = postSolution
		SolutionGuid = {DD99771F-9309-4533-B95D-DBAC35286CAC}
	EndGlobalSection
EndGlobal
